
Microsoft Visual Studio Solution File, Format Version 12.00
# Visual Studio Version 17
VisualStudioVersion = 17.4.33213.308
MinimumVisualStudioVersion = 10.0.40219.1
Project("{FAE04EC0-301F-11D3-BF4B-00C04F79EFBC}") = "CoronaManagementSystem2", "CoronaManagementSystem2.csproj", "{5702C2EF-6677-453B-B13B-D3A7AC297669}"
EndProject
Global
	GlobalSection(SolutionConfigurationPlatforms) = preSolution
		Debug|Any CPU = Debug|Any CPU
		Release|Any CPU = Release|Any CPU
	EndGlobalSection
	GlobalSection(ProjectConfigurationPlatforms) = postSolution
		{5702C2EF-6677-453B-B13B-D3A7AC297669}.Debug|Any CPU.ActiveCfg = Debug|Any CPU
		{5702C2EF-6677-453B-B13B-D3A7AC297669}.Debug|Any CPU.Build.0 = Debug|Any CPU
		{5702C2EF-6677-453B-B13B-D3A7AC297669}.Release|Any CPU.ActiveCfg = Release|Any CPU
		{5702C2EF-6677-453B-B13B-D3A7AC297669}.Release|Any CPU.Build.0 = Release|Any CPU
	EndGlobalSection
	GlobalSection(SolutionProperties) = preSolution
		HideSolutionNode = FALSE
	EndGlobalSection
	GlobalSection(ExtensibilityGlobals) = postSolution
		SolutionGuid = {921FD2DA-6072-4FBA-840E-DDAFB020BF19}
	EndGlobalSection
EndGlobal
